{
  "name": "vuejs-article-vue-2",
  "lockfileVersion": 2,
  "requires": true,
  "packages": {
    "": {
      "dependencies": {
        "posthog-js": "^1.28.0"
      }
    },
    "node_modules/@sentry/types": {
      "version": "7.9.0",
      "resolved": "https://registry.npmjs.org/@sentry/types/-/types-7.9.0.tgz",
      "integrity": "sha512-VGnUgELVMpGJCYW1triO+5XSyaPjB2Zu6esUgbb8iJ5bi+OWtxklixXgwhdaTb0FDzmRL/T/pckmrIuBTLySHQ==",
      "engines": {
        "node": ">=8"
      }
    },
    "node_modules/fflate": {
      "version": "0.4.8",
      "resolved": "https://registry.npmjs.org/fflate/-/fflate-0.4.8.tgz",
      "integrity": "sha512-FJqqoDBR00Mdj9ppamLa/Y7vxm+PRmNWA67N846RvsoYVMKB4q3y/de5PA7gUmRMYK/8CMz2GDZQmCRN1wBcWA=="
    },
    "node_modules/posthog-js": {
      "version": "1.28.0",
      "resolved": "https://registry.npmjs.org/posthog-js/-/posthog-js-1.28.0.tgz",
      "integrity": "sha512-W60Xd7/UMwNO1zn1rRkkrE+qbL2dcA/PHi1TbUPNX0ArS2eijEjFolv0FBCEraZTJP19OnjTsYQEQS6fLL8ZvA==",
      "dependencies": {
        "@sentry/types": "^7.2.0",
        "fflate": "^0.4.1",
        "rrweb-snapshot": "^1.1.14"
      }
    },
    "node_modules/rrweb-snapshot": {
      "version": "1.1.14",
      "resolved": "https://registry.npmjs.org/rrweb-snapshot/-/rrweb-snapshot-1.1.14.tgz",
      "integrity": "sha512-eP5pirNjP5+GewQfcOQY4uBiDnpqxNRc65yKPW0eSoU1XamDfc4M8oqpXGMyUyvLyxFDB0q0+DChuxxiU2FXBQ=="
    }
  },
  "dependencies": {
    "@sentry/types": {
      "version": "7.9.0",
      "resolved": "https://registry.npmjs.org/@sentry/types/-/types-7.9.0.tgz",
      "integrity": "sha512-VGnUgELVMpGJCYW1triO+5XSyaPjB2Zu6esUgbb8iJ5bi+OWtxklixXgwhdaTb0FDzmRL/T/pckmrIuBTLySHQ=="
    },
    "fflate": {
      "version": "0.4.8",
      "resolved": "https://registry.npmjs.org/fflate/-/fflate-0.4.8.tgz",
      "integrity": "sha512-FJqqoDBR00Mdj9ppamLa/Y7vxm+PRmNWA67N846RvsoYVMKB4q3y/de5PA7gUmRMYK/8CMz2GDZQmCRN1wBcWA=="
    },
    "posthog-js": {
      "version": "1.28.0",
      "resolved": "https://registry.npmjs.org/posthog-js/-/posthog-js-1.28.0.tgz",
      "integrity": "sha512-W60Xd7/UMwNO1zn1rRkkrE+qbL2dcA/PHi1TbUPNX0ArS2eijEjFolv0FBCEraZTJP19OnjTsYQEQS6fLL8ZvA==",
      "requires": {
        "@sentry/types": "^7.2.0",
        "fflate": "^0.4.1",
        "rrweb-snapshot": "^1.1.14"
      }
    },
    "rrweb-snapshot": {
      "version": "1.1.14",
      "resolved": "https://registry.npmjs.org/rrweb-snapshot/-/rrweb-snapshot-1.1.14.tgz",
      "integrity": "sha512-eP5pirNjP5+GewQfcOQY4uBiDnpqxNRc65yKPW0eSoU1XamDfc4M8oqpXGMyUyvLyxFDB0q0+DChuxxiU2FXBQ=="
    }
  }
}
